{
  "name": "lab5-02-07",
  "lockfileVersion": 2,
  "requires": true,
  "packages": {
    "": {
      "dependencies": {
        "serverline": "^1.6.0"
      }
    },
    "node_modules/@types/node": {
      "version": "16.11.24",
      "resolved": "https://registry.npmjs.org/@types/node/-/node-16.11.24.tgz",
      "integrity": "sha512-Ezv33Rl4mIi6YdSHfIRNBd4Q9kUe5okiaw/ikvJiJDmuQZNW5kfdg7+oQPF8NO6sTcr3woIpj3jANzTXdvEZXA=="
    },
    "node_modules/serverline": {
      "version": "1.6.0",
      "resolved": "https://registry.npmjs.org/serverline/-/serverline-1.6.0.tgz",
      "integrity": "sha512-Y6c+EhD3d1WR+h1ORnb15zyskC5WoDHEkOJ1CCqyTl20+K4byKs8GP2Rn7kyDh4kQaNUOtSYBjSkLVY0q+KjrQ==",
      "dependencies": {
        "@types/node": "^16.11.12"
      },
      "engines": {
        "node": ">=10.0.0"
      }
    }
  },
  "dependencies": {
    "@types/node": {
      "version": "16.11.24",
      "resolved": "https://registry.npmjs.org/@types/node/-/node-16.11.24.tgz",
      "integrity": "sha512-Ezv33Rl4mIi6YdSHfIRNBd4Q9kUe5okiaw/ikvJiJDmuQZNW5kfdg7+oQPF8NO6sTcr3woIpj3jANzTXdvEZXA=="
    },
    "serverline": {
      "version": "1.6.0",
      "resolved": "https://registry.npmjs.org/serverline/-/serverline-1.6.0.tgz",
      "integrity": "sha512-Y6c+EhD3d1WR+h1ORnb15zyskC5WoDHEkOJ1CCqyTl20+K4byKs8GP2Rn7kyDh4kQaNUOtSYBjSkLVY0q+KjrQ==",
      "requires": {
        "@types/node": "^16.11.12"
      }
    }
  }
}
